// !$*UTF8*$!
{
	archiveVersion = 1;
	classes = {
	};
	objectVersion = 55;
	objects = {

/* Begin PBXBuildFile section */
		A92965052808A0B800556CED /* EaseeDemoApp.swift in Sources */ = {isa = PBXBuildFile; fileRef = A92965042808A0B800556CED /* EaseeDemoApp.swift */; };
		A92965072808A0B800556CED /* LocationView.swift in Sources */ = {isa = PBXBuildFile; fileRef = A92965062808A0B800556CED /* LocationView.swift */; };
		A92965092808A0B900556CED /* Assets.xcassets in Resources */ = {isa = PBXBuildFile; fileRef = A92965082808A0B900556CED /* Assets.xcassets */; };
		A929650C2808A0B900556CED /* Preview Assets.xcassets in Resources */ = {isa = PBXBuildFile; fileRef = A929650B2808A0B900556CED /* Preview Assets.xcassets */; };
		A948BA32280F3AB100FCB7B6 /* Assets.xcassets in Resources */ = {isa = PBXBuildFile; fileRef = A948BA31280F3AB100FCB7B6 /* Assets.xcassets */; };
		A948BA38280F3AB100FCB7B6 /* WatchEaseeDemo WatchKit Extension.appex in Embed App Extensions */ = {isa = PBXBuildFile; fileRef = A948BA37280F3AB100FCB7B6 /* WatchEaseeDemo WatchKit Extension.appex */; settings = {ATTRIBUTES = (RemoveHeadersOnCopy, ); }; };
		A948BA47280F3AB100FCB7B6 /* Assets.xcassets in Resources */ = {isa = PBXBuildFile; fileRef = A948BA46280F3AB100FCB7B6 /* Assets.xcassets */; };
		A948BA4A280F3AB100FCB7B6 /* Preview Assets.xcassets in Resources */ = {isa = PBXBuildFile; fileRef = A948BA49280F3AB100FCB7B6 /* Preview Assets.xcassets */; };
		A948BA4F280F3AB100FCB7B6 /* WatchEaseeDemo.app in Embed Watch Content */ = {isa = PBXBuildFile; fileRef = A948BA2F280F3AB000FCB7B6 /* WatchEaseeDemo.app */; settings = {ATTRIBUTES = (RemoveHeadersOnCopy, ); }; };
		A948BA5D280F3E9C00FCB7B6 /* EaseeDemoApp.swift in Sources */ = {isa = PBXBuildFile; fileRef = A92965042808A0B800556CED /* EaseeDemoApp.swift */; };
		A948BA67280F459900FCB7B6 /* ContentView.swift in Sources */ = {isa = PBXBuildFile; fileRef = A9687F4F280F1E1100E3A3D4 /* ContentView.swift */; };
		A948BA69280F45ED00FCB7B6 /* LocationView.swift in Sources */ = {isa = PBXBuildFile; fileRef = A948BA68280F45ED00FCB7B6 /* LocationView.swift */; };
		A948BA6B280F521900FCB7B6 /* Model.swift in Sources */ = {isa = PBXBuildFile; fileRef = A948BA6A280F521900FCB7B6 /* Model.swift */; };
		A948BA6C280F587000FCB7B6 /* Model.swift in Sources */ = {isa = PBXBuildFile; fileRef = A948BA6A280F521900FCB7B6 /* Model.swift */; };
		A948BA6E280F5A5600FCB7B6 /* SupportingViews.swift in Sources */ = {isa = PBXBuildFile; fileRef = A948BA6D280F5A5600FCB7B6 /* SupportingViews.swift */; };
		A948BA6F280F5A5A00FCB7B6 /* SupportingViews.swift in Sources */ = {isa = PBXBuildFile; fileRef = A948BA6D280F5A5600FCB7B6 /* SupportingViews.swift */; };
		A948BA70280F5AD300FCB7B6 /* Assets.xcassets in Resources */ = {isa = PBXBuildFile; fileRef = A92965082808A0B900556CED /* Assets.xcassets */; };
		A948BA72280FE9E000FCB7B6 /* ProductCardPageView.swift in Sources */ = {isa = PBXBuildFile; fileRef = A948BA71280FE9E000FCB7B6 /* ProductCardPageView.swift */; };
		A9687F4E280F083F00E3A3D4 /* ProductCardView.swift in Sources */ = {isa = PBXBuildFile; fileRef = A9687F4D280F083F00E3A3D4 /* ProductCardView.swift */; };
		A9687F50280F1E1100E3A3D4 /* ContentView.swift in Sources */ = {isa = PBXBuildFile; fileRef = A9687F4F280F1E1100E3A3D4 /* ContentView.swift */; };
/* End PBXBuildFile section */

/* Begin PBXContainerItemProxy section */
		A948BA39280F3AB100FCB7B6 /* PBXContainerItemProxy */ = {
			isa = PBXContainerItemProxy;
			containerPortal = A92964F92808A0B800556CED /* Project object */;
			proxyType = 1;
			remoteGlobalIDString = A948BA36280F3AB100FCB7B6;
			remoteInfo = "WatchEaseeDemo WatchKit Extension";
		};
		A948BA4D280F3AB100FCB7B6 /* PBXContainerItemProxy */ = {
			isa = PBXContainerItemProxy;
			containerPortal = A92964F92808A0B800556CED /* Project object */;
			proxyType = 1;
			remoteGlobalIDString = A948BA2E280F3AB000FCB7B6;
			remoteInfo = WatchEaseeDemo;
		};
/* End PBXContainerItemProxy section */

/* Begin PBXCopyFilesBuildPhase section */
		A948BA50280F3AB100FCB7B6 /* Embed Watch Content */ = {
			isa = PBXCopyFilesBuildPhase;
			buildActionMask = 2147483647;
			dstPath = "$(CONTENTS_FOLDER_PATH)/Watch";
			dstSubfolderSpec = 16;
			files = (
				A948BA4F280F3AB100FCB7B6 /* WatchEaseeDemo.app in Embed Watch Content */,
			);
			name = "Embed Watch Content";
			runOnlyForDeploymentPostprocessing = 0;
		};
		A948BA53280F3AB100FCB7B6 /* Embed App Extensions */ = {
			isa = PBXCopyFilesBuildPhase;
			buildActionMask = 2147483647;
			dstPath = "";
			dstSubfolderSpec = 13;
			files = (
				A948BA38280F3AB100FCB7B6 /* WatchEaseeDemo WatchKit Extension.appex in Embed App Extensions */,
			);
			name = "Embed App Extensions";
			runOnlyForDeploymentPostprocessing = 0;
		};
/* End PBXCopyFilesBuildPhase section */

/* Begin PBXFileReference section */
		A92965012808A0B800556CED /* EaseeDemo.app */ = {isa = PBXFileReference; explicitFileType = wrapper.application; includeInIndex = 0; path = EaseeDemo.app; sourceTree = BUILT_PRODUCTS_DIR; };
		A92965042808A0B800556CED /* EaseeDemoApp.swift */ = {isa = PBXFileReference; lastKnownFileType = sourcecode.swift; path = EaseeDemoApp.swift; sourceTree = "<group>"; };
		A92965062808A0B800556CED /* LocationView.swift */ = {isa = PBXFileReference; lastKnownFileType = sourcecode.swift; path = LocationView.swift; sourceTree = "<group>"; };
		A92965082808A0B900556CED /* Assets.xcassets */ = {isa = PBXFileReference; lastKnownFileType = folder.assetcatalog; path = Assets.xcassets; sourceTree = "<group>"; };
		A929650B2808A0B900556CED /* Preview Assets.xcassets */ = {isa = PBXFileReference; lastKnownFileType = folder.assetcatalog; path = "Preview Assets.xcassets"; sourceTree = "<group>"; };
		A948BA2F280F3AB000FCB7B6 /* WatchEaseeDemo.app */ = {isa = PBXFileReference; explicitFileType = wrapper.application; includeInIndex = 0; path = WatchEaseeDemo.app; sourceTree = BUILT_PRODUCTS_DIR; };
		A948BA31280F3AB100FCB7B6 /* Assets.xcassets */ = {isa = PBXFileReference; lastKnownFileType = folder.assetcatalog; path = Assets.xcassets; sourceTree = "<group>"; };
		A948BA37280F3AB100FCB7B6 /* WatchEaseeDemo WatchKit Extension.appex */ = {isa = PBXFileReference; explicitFileType = "wrapper.app-extension"; includeInIndex = 0; path = "WatchEaseeDemo WatchKit Extension.appex"; sourceTree = BUILT_PRODUCTS_DIR; };
		A948BA46280F3AB100FCB7B6 /* Assets.xcassets */ = {isa = PBXFileReference; lastKnownFileType = folder.assetcatalog; path = Assets.xcassets; sourceTree = "<group>"; };
		A948BA49280F3AB100FCB7B6 /* Preview Assets.xcassets */ = {isa = PBXFileReference; lastKnownFileType = folder.assetcatalog; path = "Preview Assets.xcassets"; sourceTree = "<group>"; };
		A948BA4B280F3AB100FCB7B6 /* Info.plist */ = {isa = PBXFileReference; lastKnownFileType = text.plist.xml; path = Info.plist; sourceTree = "<group>"; };
		A948BA4C280F3AB100FCB7B6 /* PushNotificationPayload.apns */ = {isa = PBXFileReference; lastKnownFileType = text; path = PushNotificationPayload.apns; sourceTree = "<group>"; };
		A948BA68280F45ED00FCB7B6 /* LocationView.swift */ = {isa = PBXFileReference; lastKnownFileType = sourcecode.swift; path = LocationView.swift; sourceTree = "<group>"; };
		A948BA6A280F521900FCB7B6 /* Model.swift */ = {isa = PBXFileReference; lastKnownFileType = sourcecode.swift; path = Model.swift; sourceTree = "<group>"; };
		A948BA6D280F5A5600FCB7B6 /* SupportingViews.swift */ = {isa = PBXFileReference; lastKnownFileType = sourcecode.swift; path = SupportingViews.swift; sourceTree = "<group>"; };
		A948BA71280FE9E000FCB7B6 /* ProductCardPageView.swift */ = {isa = PBXFileReference; lastKnownFileType = sourcecode.swift; path = ProductCardPageView.swift; sourceTree = "<group>"; };
		A9687F4D280F083F00E3A3D4 /* ProductCardView.swift */ = {isa = PBXFileReference; lastKnownFileType = sourcecode.swift; path = ProductCardView.swift; sourceTree = "<group>"; };
		A9687F4F280F1E1100E3A3D4 /* ContentView.swift */ = {isa = PBXFileReference; lastKnownFileType = sourcecode.swift; path = ContentView.swift; sourceTree = "<group>"; };
/* End PBXFileReference section */

/* Begin PBXFrameworksBuildPhase section */
		A92964FE2808A0B800556CED /* Frameworks */ = {
			isa = PBXFrameworksBuildPhase;
			buildActionMask = 2147483647;
			files = (
			);
			runOnlyForDeploymentPostprocessing = 0;
		};
		A948BA34280F3AB100FCB7B6 /* Frameworks */ = {
			isa = PBXFrameworksBuildPhase;
			buildActionMask = 2147483647;
			files = (
			);
			runOnlyForDeploymentPostprocessing = 0;
		};
/* End PBXFrameworksBuildPhase section */

/* Begin PBXGroup section */
		A92964F82808A0B800556CED = {
			isa = PBXGroup;
			children = (
				A92965032808A0B800556CED /* EaseeDemo */,
				A948BA30280F3AB000FCB7B6 /* WatchEaseeDemo */,
				A948BA3B280F3AB100FCB7B6 /* WatchEaseeDemo WatchKit Extension */,
				A948BA73280FF28200FCB7B6 /* Unused */,
				A92965022808A0B800556CED /* Products */,
			);
			sourceTree = "<group>";
		};
		A92965022808A0B800556CED /* Products */ = {
			isa = PBXGroup;
			children = (
				A92965012808A0B800556CED /* EaseeDemo.app */,
				A948BA2F280F3AB000FCB7B6 /* WatchEaseeDemo.app */,
				A948BA37280F3AB100FCB7B6 /* WatchEaseeDemo WatchKit Extension.appex */,
			);
			name = Products;
			sourceTree = "<group>";
		};
		A92965032808A0B800556CED /* EaseeDemo */ = {
			isa = PBXGroup;
			children = (
				A92965042808A0B800556CED /* EaseeDemoApp.swift */,
				A948BA6A280F521900FCB7B6 /* Model.swift */,
				A9687F4F280F1E1100E3A3D4 /* ContentView.swift */,
				A92965062808A0B800556CED /* LocationView.swift */,
				A9687F4D280F083F00E3A3D4 /* ProductCardView.swift */,
				A948BA71280FE9E000FCB7B6 /* ProductCardPageView.swift */,
				A948BA6D280F5A5600FCB7B6 /* SupportingViews.swift */,
				A92965082808A0B900556CED /* Assets.xcassets */,
				A929650A2808A0B900556CED /* Preview Content */,
			);
			path = EaseeDemo;
			sourceTree = "<group>";
		};
		A929650A2808A0B900556CED /* Preview Content */ = {
			isa = PBXGroup;
			children = (
				A929650B2808A0B900556CED /* Preview Assets.xcassets */,
			);
			path = "Preview Content";
			sourceTree = "<group>";
		};
		A948BA30280F3AB000FCB7B6 /* WatchEaseeDemo */ = {
			isa = PBXGroup;
			children = (
				A948BA31280F3AB100FCB7B6 /* Assets.xcassets */,
			);
			path = WatchEaseeDemo;
			sourceTree = "<group>";
		};
		A948BA3B280F3AB100FCB7B6 /* WatchEaseeDemo WatchKit Extension */ = {
			isa = PBXGroup;
			children = (
				A948BA68280F45ED00FCB7B6 /* LocationView.swift */,
			);
			path = "WatchEaseeDemo WatchKit Extension";
			sourceTree = "<group>";
		};
		A948BA48280F3AB100FCB7B6 /* Preview Content */ = {
			isa = PBXGroup;
			children = (
				A948BA49280F3AB100FCB7B6 /* Preview Assets.xcassets */,
			);
			path = "Preview Content";
			sourceTree = "<group>";
		};
		A948BA73280FF28200FCB7B6 /* Unused */ = {
			isa = PBXGroup;
			children = (
				A948BA46280F3AB100FCB7B6 /* Assets.xcassets */,
				A948BA4B280F3AB100FCB7B6 /* Info.plist */,
				A948BA4C280F3AB100FCB7B6 /* PushNotificationPayload.apns */,
				A948BA48280F3AB100FCB7B6 /* Preview Content */,
			);
			path = Unused;
			sourceTree = "<group>";
		};
/* End PBXGroup section */

/* Begin PBXNativeTarget section */
		A92965002808A0B800556CED /* EaseeDemo */ = {
			isa = PBXNativeTarget;
			buildConfigurationList = A929650F2808A0B900556CED /* Build configuration list for PBXNativeTarget "EaseeDemo" */;
			buildPhases = (
				A92964FD2808A0B800556CED /* Sources */,
				A92964FE2808A0B800556CED /* Frameworks */,
				A92964FF2808A0B800556CED /* Resources */,
				A948BA50280F3AB100FCB7B6 /* Embed Watch Content */,
			);
			buildRules = (
			);
			dependencies = (
				A948BA4E280F3AB100FCB7B6 /* PBXTargetDependency */,
			);
			name = EaseeDemo;
			productName = EaseeDemo;
			productReference = A92965012808A0B800556CED /* EaseeDemo.app */;
			productType = "com.apple.product-type.application";
		};
		A948BA2E280F3AB000FCB7B6 /* WatchEaseeDemo */ = {
			isa = PBXNativeTarget;
			buildConfigurationList = A948BA57280F3AB100FCB7B6 /* Build configuration list for PBXNativeTarget "WatchEaseeDemo" */;
			buildPhases = (
				A948BA2D280F3AB000FCB7B6 /* Resources */,
				A948BA53280F3AB100FCB7B6 /* Embed App Extensions */,
			);
			buildRules = (
			);
			dependencies = (
				A948BA3A280F3AB100FCB7B6 /* PBXTargetDependency */,
			);
			name = WatchEaseeDemo;
			productName = WatchEaseeDemo;
			productReference = A948BA2F280F3AB000FCB7B6 /* WatchEaseeDemo.app */;
			productType = "com.apple.product-type.application.watchapp2";
		};
		A948BA36280F3AB100FCB7B6 /* WatchEaseeDemo WatchKit Extension */ = {
			isa = PBXNativeTarget;
			buildConfigurationList = A948BA56280F3AB100FCB7B6 /* Build configuration list for PBXNativeTarget "WatchEaseeDemo WatchKit Extension" */;
			buildPhases = (
				A948BA33280F3AB100FCB7B6 /* Sources */,
				A948BA34280F3AB100FCB7B6 /* Frameworks */,
				A948BA35280F3AB100FCB7B6 /* Resources */,
			);
			buildRules = (
			);
			dependencies = (
			);
			name = "WatchEaseeDemo WatchKit Extension";
			productName = "WatchEaseeDemo WatchKit Extension";
			productReference = A948BA37280F3AB100FCB7B6 /* WatchEaseeDemo WatchKit Extension.appex */;
			productType = "com.apple.product-type.watchkit2-extension";
		};
/* End PBXNativeTarget section */

/* Begin PBXProject section */
		A92964F92808A0B800556CED /* Project object */ = {
			isa = PBXProject;
			attributes = {
				BuildIndependentTargetsInParallel = 1;
				LastSwiftUpdateCheck = 1330;
				LastUpgradeCheck = 1330;
				TargetAttributes = {
					A92965002808A0B800556CED = {
						CreatedOnToolsVersion = 13.3;
					};
					A948BA2E280F3AB000FCB7B6 = {
						CreatedOnToolsVersion = 13.3.1;
					};
					A948BA36280F3AB100FCB7B6 = {
						CreatedOnToolsVersion = 13.3.1;
					};
				};
			};
			buildConfigurationList = A92964FC2808A0B800556CED /* Build configuration list for PBXProject "EaseeDemo" */;
			compatibilityVersion = "Xcode 13.0";
			developmentRegion = en;
			hasScannedForEncodings = 0;
			knownRegions = (
				en,
				Base,
			);
			mainGroup = A92964F82808A0B800556CED;
			productRefGroup = A92965022808A0B800556CED /* Products */;
			projectDirPath = "";
			projectRoot = "";
			targets = (
				A92965002808A0B800556CED /* EaseeDemo */,
				A948BA2E280F3AB000FCB7B6 /* WatchEaseeDemo */,
				A948BA36280F3AB100FCB7B6 /* WatchEaseeDemo WatchKit Extension */,
			);
		};
/* End PBXProject section */

/* Begin PBXResourcesBuildPhase section */
		A92964FF2808A0B800556CED /* Resources */ = {
			isa = PBXResourcesBuildPhase;
			buildActionMask = 2147483647;
			files = (
				A929650C2808A0B900556CED /* Preview Assets.xcassets in Resources */,
				A92965092808A0B900556CED /* Assets.xcassets in Resources */,
			);
			runOnlyForDeploymentPostprocessing = 0;
		};
		A948BA2D280F3AB000FCB7B6 /* Resources */ = {
			isa = PBXResourcesBuildPhase;
			buildActionMask = 2147483647;
			files = (
				A948BA32280F3AB100FCB7B6 /* Assets.xcassets in Resources */,
			);
			runOnlyForDeploymentPostprocessing = 0;
		};
		A948BA35280F3AB100FCB7B6 /* Resources */ = {
			isa = PBXResourcesBuildPhase;
			buildActionMask = 2147483647;
			files = (
				A948BA4A280F3AB100FCB7B6 /* Preview Assets.xcassets in Resources */,
				A948BA70280F5AD300FCB7B6 /* Assets.xcassets in Resources */,
				A948BA47280F3AB100FCB7B6 /* Assets.xcassets in Resources */,
			);
			runOnlyForDeploymentPostprocessing = 0;
		};
/* End PBXResourcesBuildPhase section */

/* Begin PBXSourcesBuildPhase section */
		A92964FD2808A0B800556CED /* Sources */ = {
			isa = PBXSourcesBuildPhase;
			buildActionMask = 2147483647;
			files = (
				A948BA72280FE9E000FCB7B6 /* ProductCardPageView.swift in Sources */,
				A9687F50280F1E1100E3A3D4 /* ContentView.swift in Sources */,
				A9687F4E280F083F00E3A3D4 /* ProductCardView.swift in Sources */,
				A948BA6B280F521900FCB7B6 /* Model.swift in Sources */,
				A92965072808A0B800556CED /* LocationView.swift in Sources */,
				A92965052808A0B800556CED /* EaseeDemoApp.swift in Sources */,
				A948BA6E280F5A5600FCB7B6 /* SupportingViews.swift in Sources */,
			);
			runOnlyForDeploymentPostprocessing = 0;
		};
		A948BA33280F3AB100FCB7B6 /* Sources */ = {
			isa = PBXSourcesBuildPhase;
			buildActionMask = 2147483647;
			files = (
				A948BA6C280F587000FCB7B6 /* Model.swift in Sources */,
				A948BA5D280F3E9C00FCB7B6 /* EaseeDemoApp.swift in Sources */,
				A948BA69280F45ED00FCB7B6 /* LocationView.swift in Sources */,
				A948BA67280F459900FCB7B6 /* ContentView.swift in Sources */,
				A948BA6F280F5A5A00FCB7B6 /* SupportingViews.swift in Sources */,
			);
			runOnlyForDeploymentPostprocessing = 0;
		};
/* End PBXSourcesBuildPhase section */

/* Begin PBXTargetDependency section */
		A948BA3A280F3AB100FCB7B6 /* PBXTargetDependency */ = {
			isa = PBXTargetDependency;
			target = A948BA36280F3AB100FCB7B6 /* WatchEaseeDemo WatchKit Extension */;
			targetProxy = A948BA39280F3AB100FCB7B6 /* PBXContainerItemProxy */;
		};
		A948BA4E280F3AB100FCB7B6 /* PBXTargetDependency */ = {
			isa = PBXTargetDependency;
			target = A948BA2E280F3AB000FCB7B6 /* WatchEaseeDemo */;
			targetProxy = A948BA4D280F3AB100FCB7B6 /* PBXContainerItemProxy */;
		};
/* End PBXTargetDependency section */

/* Begin XCBuildConfiguration section */
		A929650D2808A0B900556CED /* Debug */ = {
			isa = XCBuildConfiguration;
			buildSettings = {
				ALWAYS_SEARCH_USER_PATHS = NO;
				CLANG_ANALYZER_NONNULL = YES;
				CLANG_ANALYZER_NUMBER_OBJECT_CONVERSION = YES_AGGRESSIVE;
				CLANG_CXX_LANGUAGE_STANDARD = "gnu++17";
				CLANG_ENABLE_MODULES = YES;
				CLANG_ENABLE_OBJC_ARC = YES;
				CLANG_ENABLE_OBJC_WEAK = YES;
				CLANG_WARN_BLOCK_CAPTURE_AUTORELEASING = YES;
				CLANG_WARN_BOOL_CONVERSION = YES;
				CLANG_WARN_COMMA = YES;
				CLANG_WARN_CONSTANT_CONVERSION = YES;
				CLANG_WARN_DEPRECATED_OBJC_IMPLEMENTATIONS = YES;
				CLANG_WARN_DIRECT_OBJC_ISA_USAGE = YES_ERROR;
				CLANG_WARN_DOCUMENTATION_COMMENTS = YES;
				CLANG_WARN_EMPTY_BODY = YES;
				CLANG_WARN_ENUM_CONVERSION = YES;
				CLANG_WARN_INFINITE_RECURSION = YES;
				CLANG_WARN_INT_CONVERSION = YES;
				CLANG_WARN_NON_LITERAL_NULL_CONVERSION = YES;
				CLANG_WARN_OBJC_IMPLICIT_RETAIN_SELF = YES;
				CLANG_WARN_OBJC_LITERAL_CONVERSION = YES;
				CLANG_WARN_OBJC_ROOT_CLASS = YES_ERROR;
				CLANG_WARN_QUOTED_INCLUDE_IN_FRAMEWORK_HEADER = YES;
				CLANG_WARN_RANGE_LOOP_ANALYSIS = YES;
				CLANG_WARN_STRICT_PROTOTYPES = YES;
				CLANG_WARN_SUSPICIOUS_MOVE = YES;
				CLANG_WARN_UNGUARDED_AVAILABILITY = YES_AGGRESSIVE;
				CLANG_WARN_UNREACHABLE_CODE = YES;
				CLANG_WARN__DUPLICATE_METHOD_MATCH = YES;
				COPY_PHASE_STRIP = NO;
				DEBUG_INFORMATION_FORMAT = dwarf;
				ENABLE_STRICT_OBJC_MSGSEND = YES;
				ENABLE_TESTABILITY = YES;
				GCC_C_LANGUAGE_STANDARD = gnu11;
				GCC_DYNAMIC_NO_PIC = NO;
				GCC_NO_COMMON_BLOCKS = YES;
				GCC_OPTIMIZATION_LEVEL = 0;
				GCC_PREPROCESSOR_DEFINITIONS = (
					"DEBUG=1",
					"$(inherited)",
				);
				GCC_WARN_64_TO_32_BIT_CONVERSION = YES;
				GCC_WARN_ABOUT_RETURN_TYPE = YES_ERROR;
				GCC_WARN_UNDECLARED_SELECTOR = YES;
				GCC_WARN_UNINITIALIZED_AUTOS = YES_AGGRESSIVE;
				GCC_WARN_UNUSED_FUNCTION = YES;
				GCC_WARN_UNUSED_VARIABLE = YES;
				IPHONEOS_DEPLOYMENT_TARGET = 15.4;
				MTL_ENABLE_DEBUG_INFO = INCLUDE_SOURCE;
				MTL_FAST_MATH = YES;
				ONLY_ACTIVE_ARCH = YES;
				SDKROOT = iphoneos;
				SWIFT_ACTIVE_COMPILATION_CONDITIONS = DEBUG;
				SWIFT_OPTIMIZATION_LEVEL = "-Onone";
			};
			name = Debug;
		};
		A929650E2808A0B900556CED /* Release */ = {
			isa = XCBuildConfiguration;
			buildSettings = {
				ALWAYS_SEARCH_USER_PATHS = NO;
				CLANG_ANALYZER_NONNULL = YES;
				CLANG_ANALYZER_NUMBER_OBJECT_CONVERSION = YES_AGGRESSIVE;
				CLANG_CXX_LANGUAGE_STANDARD = "gnu++17";
				CLANG_ENABLE_MODULES = YES;
				CLANG_ENABLE_OBJC_ARC = YES;
				CLANG_ENABLE_OBJC_WEAK = YES;
				CLANG_WARN_BLOCK_CAPTURE_AUTORELEASING = YES;
				CLANG_WARN_BOOL_CONVERSION = YES;
				CLANG_WARN_COMMA = YES;
				CLANG_WARN_CONSTANT_CONVERSION = YES;
				CLANG_WARN_DEPRECATED_OBJC_IMPLEMENTATIONS = YES;
				CLANG_WARN_DIRECT_OBJC_ISA_USAGE = YES_ERROR;
				CLANG_WARN_DOCUMENTATION_COMMENTS = YES;
				CLANG_WARN_EMPTY_BODY = YES;
				CLANG_WARN_ENUM_CONVERSION = YES;
				CLANG_WARN_INFINITE_RECURSION = YES;
				CLANG_WARN_INT_CONVERSION = YES;
				CLANG_WARN_NON_LITERAL_NULL_CONVERSION = YES;
				CLANG_WARN_OBJC_IMPLICIT_RETAIN_SELF = YES;
				CLANG_WARN_OBJC_LITERAL_CONVERSION = YES;
				CLANG_WARN_OBJC_ROOT_CLASS = YES_ERROR;
				CLANG_WARN_QUOTED_INCLUDE_IN_FRAMEWORK_HEADER = YES;
				CLANG_WARN_RANGE_LOOP_ANALYSIS = YES;
				CLANG_WARN_STRICT_PROTOTYPES = YES;
				CLANG_WARN_SUSPICIOUS_MOVE = YES;
				CLANG_WARN_UNGUARDED_AVAILABILITY = YES_AGGRESSIVE;
				CLANG_WARN_UNREACHABLE_CODE = YES;
				CLANG_WARN__DUPLICATE_METHOD_MATCH = YES;
				COPY_PHASE_STRIP = NO;
				DEBUG_INFORMATION_FORMAT = "dwarf-with-dsym";
				ENABLE_NS_ASSERTIONS = NO;
				ENABLE_STRICT_OBJC_MSGSEND = YES;
				GCC_C_LANGUAGE_STANDARD = gnu11;
				GCC_NO_COMMON_BLOCKS = YES;
				GCC_WARN_64_TO_32_BIT_CONVERSION = YES;
				GCC_WARN_ABOUT_RETURN_TYPE = YES_ERROR;
				GCC_WARN_UNDECLARED_SELECTOR = YES;
				GCC_WARN_UNINITIALIZED_AUTOS = YES_AGGRESSIVE;
				GCC_WARN_UNUSED_FUNCTION = YES;
				GCC_WARN_UNUSED_VARIABLE = YES;
				IPHONEOS_DEPLOYMENT_TARGET = 15.4;
				MTL_ENABLE_DEBUG_INFO = NO;
				MTL_FAST_MATH = YES;
				SDKROOT = iphoneos;
				SWIFT_COMPILATION_MODE = wholemodule;
				SWIFT_OPTIMIZATION_LEVEL = "-O";
				VALIDATE_PRODUCT = YES;
			};
			name = Release;
		};
		A92965102808A0B900556CED /* Debug */ = {
			isa = XCBuildConfiguration;
			buildSettings = {
				ASSETCATALOG_COMPILER_APPICON_NAME = AppIcon;
				ASSETCATALOG_COMPILER_GLOBAL_ACCENT_COLOR_NAME = AccentColor;
				CODE_SIGN_STYLE = Automatic;
				CURRENT_PROJECT_VERSION = 1;
				DEVELOPMENT_ASSET_PATHS = "\"EaseeDemo/Preview Content\"";
				DEVELOPMENT_TEAM = 8Q24JJ6J4V;
				ENABLE_PREVIEWS = YES;
				GENERATE_INFOPLIST_FILE = YES;
				INFOPLIST_KEY_UIApplicationSceneManifest_Generation = YES;
				INFOPLIST_KEY_UIApplicationSupportsIndirectInputEvents = YES;
				INFOPLIST_KEY_UILaunchScreen_Generation = YES;
				INFOPLIST_KEY_UISupportedInterfaceOrientations_iPad = "UIInterfaceOrientationPortrait UIInterfaceOrientationPortraitUpsideDown UIInterfaceOrientationLandscapeLeft UIInterfaceOrientationLandscapeRight";
				INFOPLIST_KEY_UISupportedInterfaceOrientations_iPhone = "UIInterfaceOrientationPortrait UIInterfaceOrientationLandscapeLeft UIInterfaceOrientationLandscapeRight";
				LD_RUNPATH_SEARCH_PATHS = (
					"$(inherited)",
					"@executable_path/Frameworks",
				);
				MARKETING_VERSION = 1.0;
				PRODUCT_BUNDLE_IDENTIFIER = com.marcowenzel.EaseeDemo;
				PRODUCT_NAME = "$(TARGET_NAME)";
				SWIFT_EMIT_LOC_STRINGS = YES;
				SWIFT_VERSION = 5.0;
				TARGETED_DEVICE_FAMILY = "1,2";
			};
			name = Debug;
		};
		A92965112808A0B900556CED /* Release */ = {
			isa = XCBuildConfiguration;
			buildSettings = {
				ASSETCATALOG_COMPILER_APPICON_NAME = AppIcon;
				ASSETCATALOG_COMPILER_GLOBAL_ACCENT_COLOR_NAME = AccentColor;
				CODE_SIGN_STYLE = Automatic;
				CURRENT_PROJECT_VERSION = 1;
				DEVELOPMENT_ASSET_PATHS = "\"EaseeDemo/Preview Content\"";
				DEVELOPMENT_TEAM = 8Q24JJ6J4V;
				ENABLE_PREVIEWS = YES;
				GENERATE_INFOPLIST_FILE = YES;
				INFOPLIST_KEY_UIApplicationSceneManifest_Generation = YES;
				INFOPLIST_KEY_UIApplicationSupportsIndirectInputEvents = YES;
				INFOPLIST_KEY_UILaunchScreen_Generation = YES;
				INFOPLIST_KEY_UISupportedInterfaceOrientations_iPad = "UIInterfaceOrientationPortrait UIInterfaceOrientationPortraitUpsideDown UIInterfaceOrientationLandscapeLeft UIInterfaceOrientationLandscapeRight";
				INFOPLIST_KEY_UISupportedInterfaceOrientations_iPhone = "UIInterfaceOrientationPortrait UIInterfaceOrientationLandscapeLeft UIInterfaceOrientationLandscapeRight";
				LD_RUNPATH_SEARCH_PATHS = (
					"$(inherited)",
					"@executable_path/Frameworks",
				);
				MARKETING_VERSION = 1.0;
				PRODUCT_BUNDLE_IDENTIFIER = com.marcowenzel.EaseeDemo;
				PRODUCT_NAME = "$(TARGET_NAME)";
				SWIFT_EMIT_LOC_STRINGS = YES;
				SWIFT_VERSION = 5.0;
				TARGETED_DEVICE_FAMILY = "1,2";
			};
			name = Release;
		};
		A948BA51280F3AB100FCB7B6 /* Debug */ = {
			isa = XCBuildConfiguration;
			buildSettings = {
				ALWAYS_EMBED_SWIFT_STANDARD_LIBRARIES = YES;
				ASSETCATALOG_COMPILER_APPICON_NAME = AppIcon;
				ASSETCATALOG_COMPILER_GLOBAL_ACCENT_COLOR_NAME = AccentColor;
				CODE_SIGN_STYLE = Automatic;
				CURRENT_PROJECT_VERSION = 1;
				DEVELOPMENT_TEAM = 8Q24JJ6J4V;
				GENERATE_INFOPLIST_FILE = YES;
				IBSC_MODULE = WatchEaseeDemo_WatchKit_Extension;
				INFOPLIST_KEY_CFBundleDisplayName = WatchEaseeDemo;
				INFOPLIST_KEY_UISupportedInterfaceOrientations = "UIInterfaceOrientationPortrait UIInterfaceOrientationPortraitUpsideDown";
				INFOPLIST_KEY_WKCompanionAppBundleIdentifier = com.marcowenzel.EaseeDemo;
				MARKETING_VERSION = 1.0;
				PRODUCT_BUNDLE_IDENTIFIER = com.marcowenzel.EaseeDemo.watchkitapp;
				PRODUCT_NAME = "$(TARGET_NAME)";
				SDKROOT = watchos;
				SKIP_INSTALL = YES;
				SWIFT_EMIT_LOC_STRINGS = YES;
				SWIFT_VERSION = 5.0;
				TARGETED_DEVICE_FAMILY = 4;
				WATCHOS_DEPLOYMENT_TARGET = 8.5;
			};
			name = Debug;
		};
		A948BA52280F3AB100FCB7B6 /* Release */ = {
			isa = XCBuildConfiguration;
			buildSettings = {
				ALWAYS_EMBED_SWIFT_STANDARD_LIBRARIES = YES;
				ASSETCATALOG_COMPILER_APPICON_NAME = AppIcon;
				ASSETCATALOG_COMPILER_GLOBAL_ACCENT_COLOR_NAME = AccentColor;
				CODE_SIGN_STYLE = Automatic;
				CURRENT_PROJECT_VERSION = 1;
				DEVELOPMENT_TEAM = 8Q24JJ6J4V;
				GENERATE_INFOPLIST_FILE = YES;
				IBSC_MODULE = WatchEaseeDemo_WatchKit_Extension;
				INFOPLIST_KEY_CFBundleDisplayName = WatchEaseeDemo;
				INFOPLIST_KEY_UISupportedInterfaceOrientations = "UIInterfaceOrientationPortrait UIInterfaceOrientationPortraitUpsideDown";
				INFOPLIST_KEY_WKCompanionAppBundleIdentifier = com.marcowenzel.EaseeDemo;
				MARKETING_VERSION = 1.0;
				PRODUCT_BUNDLE_IDENTIFIER = com.marcowenzel.EaseeDemo.watchkitapp;
				PRODUCT_NAME = "$(TARGET_NAME)";
				SDKROOT = watchos;
				SKIP_INSTALL = YES;
				SWIFT_EMIT_LOC_STRINGS = YES;
				SWIFT_VERSION = 5.0;
				TARGETED_DEVICE_FAMILY = 4;
				WATCHOS_DEPLOYMENT_TARGET = 8.5;
			};
			name = Release;
		};
		A948BA54280F3AB100FCB7B6 /* Debug */ = {
			isa = XCBuildConfiguration;
			buildSettings = {
				ASSETCATALOG_COMPILER_COMPLICATION_NAME = Complication;
				CODE_SIGN_STYLE = Automatic;
				CURRENT_PROJECT_VERSION = 1;
				DEVELOPMENT_ASSET_PATHS = "\"WatchEaseeDemo WatchKit Extension/Preview Content\"";
				DEVELOPMENT_TEAM = 8Q24JJ6J4V;
				ENABLE_PREVIEWS = YES;
				GENERATE_INFOPLIST_FILE = YES;
				INFOPLIST_FILE = "WatchEaseeDemo WatchKit Extension/Info.plist";
				INFOPLIST_KEY_CFBundleDisplayName = "WatchEaseeDemo WatchKit Extension";
				INFOPLIST_KEY_CLKComplicationPrincipalClass = WatchEaseeDemo_WatchKit_Extension.ComplicationController;
				INFOPLIST_KEY_NSHumanReadableCopyright = "";
				INFOPLIST_KEY_WKRunsIndependentlyOfCompanionApp = YES;
				LD_RUNPATH_SEARCH_PATHS = (
					"$(inherited)",
					"@executable_path/Frameworks",
					"@executable_path/../../Frameworks",
				);
				MARKETING_VERSION = 1.0;
				PRODUCT_BUNDLE_IDENTIFIER = com.marcowenzel.EaseeDemo.watchkitapp.watchkitextension;
				PRODUCT_NAME = "${TARGET_NAME}";
				SDKROOT = watchos;
				SKIP_INSTALL = YES;
				SWIFT_EMIT_LOC_STRINGS = YES;
				SWIFT_VERSION = 5.0;
				TARGETED_DEVICE_FAMILY = 4;
				WATCHOS_DEPLOYMENT_TARGET = 8.5;
			};
			name = Debug;
		};
		A948BA55280F3AB100FCB7B6 /* Release */ = {
			isa = XCBuildConfiguration;
			buildSettings = {
				ASSETCATALOG_COMPILER_COMPLICATION_NAME = Complication;
				CODE_SIGN_STYLE = Automatic;
				CURRENT_PROJECT_VERSION = 1;
				DEVELOPMENT_ASSET_PATHS = "\"WatchEaseeDemo WatchKit Extension/Preview Content\"";
				DEVELOPMENT_TEAM = 8Q24JJ6J4V;
				ENABLE_PREVIEWS = YES;
				GENERATE_INFOPLIST_FILE = YES;
				INFOPLIST_FILE = "WatchEaseeDemo WatchKit Extension/Info.plist";
				INFOPLIST_KEY_CFBundleDisplayName = "WatchEaseeDemo WatchKit Extension";
				INFOPLIST_KEY_CLKComplicationPrincipalClass = WatchEaseeDemo_WatchKit_Extension.ComplicationController;
				INFOPLIST_KEY_NSHumanReadableCopyright = "";
				INFOPLIST_KEY_WKRunsIndependentlyOfCompanionApp = YES;
				LD_RUNPATH_SEARCH_PATHS = (
					"$(inherited)",
					"@executable_path/Frameworks",
					"@executable_path/../../Frameworks",
				);
				MARKETING_VERSION = 1.0;
				PRODUCT_BUNDLE_IDENTIFIER = com.marcowenzel.EaseeDemo.watchkitapp.watchkitextension;
				PRODUCT_NAME = "${TARGET_NAME}";
				SDKROOT = watchos;
				SKIP_INSTALL = YES;
				SWIFT_EMIT_LOC_STRINGS = YES;
				SWIFT_VERSION = 5.0;
				TARGETED_DEVICE_FAMILY = 4;
				WATCHOS_DEPLOYMENT_TARGET = 8.5;
			};
			name = Release;
		};
/* End XCBuildConfiguration section */

/* Begin XCConfigurationList section */
		A92964FC2808A0B800556CED /* Build configuration list for PBXProject "EaseeDemo" */ = {
			isa = XCConfigurationList;
			buildConfigurations = (
				A929650D2808A0B900556CED /* Debug */,
				A929650E2808A0B900556CED /* Release */,
			);
			defaultConfigurationIsVisible = 0;
			defaultConfigurationName = Release;
		};
		A929650F2808A0B900556CED /* Build configuration list for PBXNativeTarget "EaseeDemo" */ = {
			isa = XCConfigurationList;
			buildConfigurations = (
				A92965102808A0B900556CED /* Debug */,
				A92965112808A0B900556CED /* Release */,
			);
			defaultConfigurationIsVisible = 0;
			defaultConfigurationName = Release;
		};
		A948BA56280F3AB100FCB7B6 /* Build configuration list for PBXNativeTarget "WatchEaseeDemo WatchKit Extension" */ = {
			isa = XCConfigurationList;
			buildConfigurations = (
				A948BA54280F3AB100FCB7B6 /* Debug */,
				A948BA55280F3AB100FCB7B6 /* Release */,
			);
			defaultConfigurationIsVisible = 0;
			defaultConfigurationName = Release;
		};
		A948BA57280F3AB100FCB7B6 /* Build configuration list for PBXNativeTarget "WatchEaseeDemo" */ = {
			isa = XCConfigurationList;
			buildConfigurations = (
				A948BA51280F3AB100FCB7B6 /* Debug */,
				A948BA52280F3AB100FCB7B6 /* Release */,
			);
			defaultConfigurationIsVisible = 0;
			defaultConfigurationName = Release;
		};
/* End XCConfigurationList section */
	};
	rootObject = A92964F92808A0B800556CED /* Project object */;
}
